
Microsoft Visual Studio Solution File, Format Version 12.00
# Visual Studio Version 17
VisualStudioVersion = 17.12.35506.116
MinimumVisualStudioVersion = 10.0.40219.1
Project("{FAE04EC0-301F-11D3-BF4B-00C04F79EFBC}") = "ImproveIntelInstrincs", "ImproveIntelInstrincs.csproj", "{18A4AF84-9033-4284-9E59-FE8A9A418B4F}"
EndProject
Global
	GlobalSection(SolutionConfigurationPlatforms) = preSolution
		Debug|Any CPU = Debug|Any CPU
		Release|Any CPU = Release|Any CPU
	EndGlobalSection
	GlobalSection(ProjectConfigurationPlatforms) = postSolution
		{18A4AF84-9033-4284-9E59-FE8A9A418B4F}.Debug|Any CPU.ActiveCfg = Debug|Any CPU
		{18A4AF84-9033-4284-9E59-FE8A9A418B4F}.Debug|Any CPU.Build.0 = Debug|Any CPU
		{18A4AF84-9033-4284-9E59-FE8A9A418B4F}.Release|Any CPU.ActiveCfg = Debug|Any CPU
		{18A4AF84-9033-4284-9E59-FE8A9A418B4F}.Release|Any CPU.Build.0 = Debug|Any CPU
	EndGlobalSection
	GlobalSection(SolutionProperties) = preSolution
		HideSolutionNode = FALSE
	EndGlobalSection
	GlobalSection(ExtensibilityGlobals) = postSolution
		SolutionGuid = {4D597FE9-5F55-4E83-9B5D-483493581FEE}
	EndGlobalSection
EndGlobal
